
Microsoft Visual Studio Solution File, Format Version 12.00
# Visual Studio Version 17
VisualStudioVersion = 17.5.33627.172
MinimumVisualStudioVersion = 10.0.40219.1
Project("{FAE04EC0-301F-11D3-BF4B-00C04F79EFBC}") = "Signalir-Webrtc-Server", "Signalir-Webrtc-Server.csproj", "{7EE9CD82-64F1-48E8-8122-43EA9DF1B2D7}"
EndProject
Global
	GlobalSection(SolutionConfigurationPlatforms) = preSolution
		Debug|Any CPU = Debug|Any CPU
		Release|Any CPU = Release|Any CPU
	EndGlobalSection
	GlobalSection(ProjectConfigurationPlatforms) = postSolution
		{7EE9CD82-64F1-48E8-8122-43EA9DF1B2D7}.Debug|Any CPU.ActiveCfg = Debug|Any CPU
		{7EE9CD82-64F1-48E8-8122-43EA9DF1B2D7}.Debug|Any CPU.Build.0 = Debug|Any CPU
		{7EE9CD82-64F1-48E8-8122-43EA9DF1B2D7}.Release|Any CPU.ActiveCfg = Release|Any CPU
		{7EE9CD82-64F1-48E8-8122-43EA9DF1B2D7}.Release|Any CPU.Build.0 = Release|Any CPU
	EndGlobalSection
	GlobalSection(SolutionProperties) = preSolution
		HideSolutionNode = FALSE
	EndGlobalSection
	GlobalSection(ExtensibilityGlobals) = postSolution
		SolutionGuid = {52BF427A-DDA1-45BA-991E-93FB6A667BD4}
	EndGlobalSection
EndGlobal
