
Microsoft Visual Studio Solution File, Format Version 12.00
# Visual Studio Version 17
VisualStudioVersion = 17.5.33627.172
MinimumVisualStudioVersion = 10.0.40219.1
Project("{FAE04EC0-301F-11D3-BF4B-00C04F79EFBC}") = "Signalir-ChatApp", "Signalir-ChatApp.csproj", "{FFD84F6C-B3B9-46A3-855D-6D70D38BF2C1}"
EndProject
Global
	GlobalSection(SolutionConfigurationPlatforms) = preSolution
		Debug|Any CPU = Debug|Any CPU
		Release|Any CPU = Release|Any CPU
	EndGlobalSection
	GlobalSection(ProjectConfigurationPlatforms) = postSolution
		{FFD84F6C-B3B9-46A3-855D-6D70D38BF2C1}.Debug|Any CPU.ActiveCfg = Debug|Any CPU
		{FFD84F6C-B3B9-46A3-855D-6D70D38BF2C1}.Debug|Any CPU.Build.0 = Debug|Any CPU
		{FFD84F6C-B3B9-46A3-855D-6D70D38BF2C1}.Debug|Any CPU.Deploy.0 = Debug|Any CPU
		{FFD84F6C-B3B9-46A3-855D-6D70D38BF2C1}.Release|Any CPU.ActiveCfg = Release|Any CPU
		{FFD84F6C-B3B9-46A3-855D-6D70D38BF2C1}.Release|Any CPU.Build.0 = Release|Any CPU
		{FFD84F6C-B3B9-46A3-855D-6D70D38BF2C1}.Release|Any CPU.Deploy.0 = Release|Any CPU
	EndGlobalSection
	GlobalSection(SolutionProperties) = preSolution
		HideSolutionNode = FALSE
	EndGlobalSection
	GlobalSection(ExtensibilityGlobals) = postSolution
		SolutionGuid = {7A849AE9-5ED1-448D-8DF4-7943377613B8}
	EndGlobalSection
EndGlobal
